// !$*UTF8*$!
{
	archiveVersion = 1;
	classes = {
	};
	objectVersion = 55;
	objects = {

/* Begin PBXBuildFile section */
		FD6D3B4C27E0BF8A00C3F6BC /* AppDelegate.swift in Sources */ = {isa = PBXBuildFile; fileRef = FD6D3B4B27E0BF8A00C3F6BC /* AppDelegate.swift */; };
		FD6D3B4E27E0BF8A00C3F6BC /* SceneDelegate.swift in Sources */ = {isa = PBXBuildFile; fileRef = FD6D3B4D27E0BF8A00C3F6BC /* SceneDelegate.swift */; };
		FD6D3B5027E0BF8A00C3F6BC /* ViewController.swift in Sources */ = {isa = PBXBuildFile; fileRef = FD6D3B4F27E0BF8A00C3F6BC /* ViewController.swift */; };
		FD6D3B5327E0BF8A00C3F6BC /* Main.storyboard in Resources */ = {isa = PBXBuildFile; fileRef = FD6D3B5127E0BF8A00C3F6BC /* Main.storyboard */; };
		FD6D3B5627E0BF8A00C3F6BC /* weatherTableApp.xcdatamodeld in Sources */ = {isa = PBXBuildFile; fileRef = FD6D3B5427E0BF8A00C3F6BC /* weatherTableApp.xcdatamodeld */; };
		FD6D3B5827E0BF8A00C3F6BC /* Assets.xcassets in Resources */ = {isa = PBXBuildFile; fileRef = FD6D3B5727E0BF8A00C3F6BC /* Assets.xcassets */; };
		FD6D3B5B27E0BF8A00C3F6BC /* LaunchScreen.storyboard in Resources */ = {isa = PBXBuildFile; fileRef = FD6D3B5927E0BF8A00C3F6BC /* LaunchScreen.storyboard */; };
		FD6D3B6827E0CEA700C3F6BC /* rainy.png in Resources */ = {isa = PBXBuildFile; fileRef = FD6D3B6327E0CEA700C3F6BC /* rainy.png */; };
		FD6D3B6927E0CEA700C3F6BC /* blizzard.png in Resources */ = {isa = PBXBuildFile; fileRef = FD6D3B6427E0CEA700C3F6BC /* blizzard.png */; };
		FD6D3B6A27E0CEA700C3F6BC /* sunny.png in Resources */ = {isa = PBXBuildFile; fileRef = FD6D3B6527E0CEA700C3F6BC /* sunny.png */; };
		FD6D3B6B27E0CEA700C3F6BC /* cloudy.png in Resources */ = {isa = PBXBuildFile; fileRef = FD6D3B6627E0CEA700C3F6BC /* cloudy.png */; };
		FD6D3B6C27E0CEA700C3F6BC /* snow.png in Resources */ = {isa = PBXBuildFile; fileRef = FD6D3B6727E0CEA700C3F6BC /* snow.png */; };
/* End PBXBuildFile section */

/* Begin PBXFileReference section */
		FD6D3B4827E0BF8A00C3F6BC /* weatherTableApp.app */ = {isa = PBXFileReference; explicitFileType = wrapper.application; includeInIndex = 0; path = weatherTableApp.app; sourceTree = BUILT_PRODUCTS_DIR; };
		FD6D3B4B27E0BF8A00C3F6BC /* AppDelegate.swift */ = {isa = PBXFileReference; lastKnownFileType = sourcecode.swift; path = AppDelegate.swift; sourceTree = "<group>"; };
		FD6D3B4D27E0BF8A00C3F6BC /* SceneDelegate.swift */ = {isa = PBXFileReference; lastKnownFileType = sourcecode.swift; path = SceneDelegate.swift; sourceTree = "<group>"; };
		FD6D3B4F27E0BF8A00C3F6BC /* ViewController.swift */ = {isa = PBXFileReference; lastKnownFileType = sourcecode.swift; path = ViewController.swift; sourceTree = "<group>"; };
		FD6D3B5227E0BF8A00C3F6BC /* Base */ = {isa = PBXFileReference; lastKnownFileType = file.storyboard; name = Base; path = Base.lproj/Main.storyboard; sourceTree = "<group>"; };
		FD6D3B5527E0BF8A00C3F6BC /* weatherTableApp.xcdatamodel */ = {isa = PBXFileReference; lastKnownFileType = wrapper.xcdatamodel; path = weatherTableApp.xcdatamodel; sourceTree = "<group>"; };
		FD6D3B5727E0BF8A00C3F6BC /* Assets.xcassets */ = {isa = PBXFileReference; lastKnownFileType = folder.assetcatalog; path = Assets.xcassets; sourceTree = "<group>"; };
		FD6D3B5A27E0BF8A00C3F6BC /* Base */ = {isa = PBXFileReference; lastKnownFileType = file.storyboard; name = Base; path = Base.lproj/LaunchScreen.storyboard; sourceTree = "<group>"; };
		FD6D3B5C27E0BF8A00C3F6BC /* Info.plist */ = {isa = PBXFileReference; lastKnownFileType = text.plist.xml; path = Info.plist; sourceTree = "<group>"; };
		FD6D3B6327E0CEA700C3F6BC /* rainy.png */ = {isa = PBXFileReference; lastKnownFileType = image.png; path = rainy.png; sourceTree = "<group>"; };
		FD6D3B6427E0CEA700C3F6BC /* blizzard.png */ = {isa = PBXFileReference; lastKnownFileType = image.png; path = blizzard.png; sourceTree = "<group>"; };
		FD6D3B6527E0CEA700C3F6BC /* sunny.png */ = {isa = PBXFileReference; lastKnownFileType = image.png; path = sunny.png; sourceTree = "<group>"; };
		FD6D3B6627E0CEA700C3F6BC /* cloudy.png */ = {isa = PBXFileReference; lastKnownFileType = image.png; path = cloudy.png; sourceTree = "<group>"; };
		FD6D3B6727E0CEA700C3F6BC /* snow.png */ = {isa = PBXFileReference; lastKnownFileType = image.png; path = snow.png; sourceTree = "<group>"; };
/* End PBXFileReference section */

/* Begin PBXFrameworksBuildPhase section */
		FD6D3B4527E0BF8A00C3F6BC /* Frameworks */ = {
			isa = PBXFrameworksBuildPhase;
			buildActionMask = 2147483647;
			files = (
			);
			runOnlyForDeploymentPostprocessing = 0;
		};
/* End PBXFrameworksBuildPhase section */

/* Begin PBXGroup section */
		FD6D3B3F27E0BF8A00C3F6BC = {
			isa = PBXGroup;
			children = (
				FD6D3B4A27E0BF8A00C3F6BC /* weatherTableApp */,
				FD6D3B4927E0BF8A00C3F6BC /* Products */,
			);
			sourceTree = "<group>";
		};
		FD6D3B4927E0BF8A00C3F6BC /* Products */ = {
			isa = PBXGroup;
			children = (
				FD6D3B4827E0BF8A00C3F6BC /* weatherTableApp.app */,
			);
			name = Products;
			sourceTree = "<group>";
		};
		FD6D3B4A27E0BF8A00C3F6BC /* weatherTableApp */ = {
			isa = PBXGroup;
			children = (
				FD6D3B6227E0CD8A00C3F6BC /* Resource */,
				FD6D3B4B27E0BF8A00C3F6BC /* AppDelegate.swift */,
				FD6D3B4D27E0BF8A00C3F6BC /* SceneDelegate.swift */,
				FD6D3B4F27E0BF8A00C3F6BC /* ViewController.swift */,
				FD6D3B5127E0BF8A00C3F6BC /* Main.storyboard */,
				FD6D3B5727E0BF8A00C3F6BC /* Assets.xcassets */,
				FD6D3B5927E0BF8A00C3F6BC /* LaunchScreen.storyboard */,
				FD6D3B5C27E0BF8A00C3F6BC /* Info.plist */,
				FD6D3B5427E0BF8A00C3F6BC /* weatherTableApp.xcdatamodeld */,
			);
			path = weatherTableApp;
			sourceTree = "<group>";
		};
		FD6D3B6227E0CD8A00C3F6BC /* Resource */ = {
			isa = PBXGroup;
			children = (
				FD6D3B6427E0CEA700C3F6BC /* blizzard.png */,
				FD6D3B6627E0CEA700C3F6BC /* cloudy.png */,
				FD6D3B6327E0CEA700C3F6BC /* rainy.png */,
				FD6D3B6727E0CEA700C3F6BC /* snow.png */,
				FD6D3B6527E0CEA700C3F6BC /* sunny.png */,
			);
			path = Resource;
			sourceTree = "<group>";
		};
/* End PBXGroup section */

/* Begin PBXNativeTarget section */
		FD6D3B4727E0BF8A00C3F6BC /* weatherTableApp */ = {
			isa = PBXNativeTarget;
			buildConfigurationList = FD6D3B5F27E0BF8A00C3F6BC /* Build configuration list for PBXNativeTarget "weatherTableApp" */;
			buildPhases = (
				FD6D3B4427E0BF8A00C3F6BC /* Sources */,
				FD6D3B4527E0BF8A00C3F6BC /* Frameworks */,
				FD6D3B4627E0BF8A00C3F6BC /* Resources */,
			);
			buildRules = (
			);
			dependencies = (
			);
			name = weatherTableApp;
			productName = weatherTableApp;
			productReference = FD6D3B4827E0BF8A00C3F6BC /* weatherTableApp.app */;
			productType = "com.apple.product-type.application";
		};
/* End PBXNativeTarget section */

/* Begin PBXProject section */
		FD6D3B4027E0BF8A00C3F6BC /* Project object */ = {
			isa = PBXProject;
			attributes = {
				BuildIndependentTargetsInParallel = 1;
				LastSwiftUpdateCheck = 1320;
				LastUpgradeCheck = 1320;
				TargetAttributes = {
					FD6D3B4727E0BF8A00C3F6BC = {
						CreatedOnToolsVersion = 13.2.1;
					};
				};
			};
			buildConfigurationList = FD6D3B4327E0BF8A00C3F6BC /* Build configuration list for PBXProject "weatherTableApp" */;
			compatibilityVersion = "Xcode 13.0";
			developmentRegion = en;
			hasScannedForEncodings = 0;
			knownRegions = (
				en,
				Base,
			);
			mainGroup = FD6D3B3F27E0BF8A00C3F6BC;
			productRefGroup = FD6D3B4927E0BF8A00C3F6BC /* Products */;
			projectDirPath = "";
			projectRoot = "";
			targets = (
				FD6D3B4727E0BF8A00C3F6BC /* weatherTableApp */,
			);
		};
/* End PBXProject section */

/* Begin PBXResourcesBuildPhase section */
		FD6D3B4627E0BF8A00C3F6BC /* Resources */ = {
			isa = PBXResourcesBuildPhase;
			buildActionMask = 2147483647;
			files = (
				FD6D3B6B27E0CEA700C3F6BC /* cloudy.png in Resources */,
				FD6D3B6927E0CEA700C3F6BC /* blizzard.png in Resources */,
				FD6D3B6C27E0CEA700C3F6BC /* snow.png in Resources */,
				FD6D3B6A27E0CEA700C3F6BC /* sunny.png in Resources */,
				FD6D3B5B27E0BF8A00C3F6BC /* LaunchScreen.storyboard in Resources */,
				FD6D3B5827E0BF8A00C3F6BC /* Assets.xcassets in Resources */,
				FD6D3B5327E0BF8A00C3F6BC /* Main.storyboard in Resources */,
				FD6D3B6827E0CEA700C3F6BC /* rainy.png in Resources */,
			);
			runOnlyForDeploymentPostprocessing = 0;
		};
/* End PBXResourcesBuildPhase section */

/* Begin PBXSourcesBuildPhase section */
		FD6D3B4427E0BF8A00C3F6BC /* Sources */ = {
			isa = PBXSourcesBuildPhase;
			buildActionMask = 2147483647;
			files = (
				FD6D3B5027E0BF8A00C3F6BC /* ViewController.swift in Sources */,
				FD6D3B5627E0BF8A00C3F6BC /* weatherTableApp.xcdatamodeld in Sources */,
				FD6D3B4C27E0BF8A00C3F6BC /* AppDelegate.swift in Sources */,
				FD6D3B4E27E0BF8A00C3F6BC /* SceneDelegate.swift in Sources */,
			);
			runOnlyForDeploymentPostprocessing = 0;
		};
/* End PBXSourcesBuildPhase section */

/* Begin PBXVariantGroup section */
		FD6D3B5127E0BF8A00C3F6BC /* Main.storyboard */ = {
			isa = PBXVariantGroup;
			children = (
				FD6D3B5227E0BF8A00C3F6BC /* Base */,
			);
			name = Main.storyboard;
			sourceTree = "<group>";
		};
		FD6D3B5927E0BF8A00C3F6BC /* LaunchScreen.storyboard */ = {
			isa = PBXVariantGroup;
			children = (
				FD6D3B5A27E0BF8A00C3F6BC /* Base */,
			);
			name = LaunchScreen.storyboard;
			sourceTree = "<group>";
		};
/* End PBXVariantGroup section */

/* Begin XCBuildConfiguration section */
		FD6D3B5D27E0BF8A00C3F6BC /* Debug */ = {
			isa = XCBuildConfiguration;
			buildSettings = {
				ALWAYS_SEARCH_USER_PATHS = NO;
				CLANG_ANALYZER_NONNULL = YES;
				CLANG_ANALYZER_NUMBER_OBJECT_CONVERSION = YES_AGGRESSIVE;
				CLANG_CXX_LANGUAGE_STANDARD = "gnu++17";
				CLANG_CXX_LIBRARY = "libc++";
				CLANG_ENABLE_MODULES = YES;
				CLANG_ENABLE_OBJC_ARC = YES;
				CLANG_ENABLE_OBJC_WEAK = YES;
				CLANG_WARN_BLOCK_CAPTURE_AUTORELEASING = YES;
				CLANG_WARN_BOOL_CONVERSION = YES;
				CLANG_WARN_COMMA = YES;
				CLANG_WARN_CONSTANT_CONVERSION = YES;
				CLANG_WARN_DEPRECATED_OBJC_IMPLEMENTATIONS = YES;
				CLANG_WARN_DIRECT_OBJC_ISA_USAGE = YES_ERROR;
				CLANG_WARN_DOCUMENTATION_COMMENTS = YES;
				CLANG_WARN_EMPTY_BODY = YES;
				CLANG_WARN_ENUM_CONVERSION = YES;
				CLANG_WARN_INFINITE_RECURSION = YES;
				CLANG_WARN_INT_CONVERSION = YES;
				CLANG_WARN_NON_LITERAL_NULL_CONVERSION = YES;
				CLANG_WARN_OBJC_IMPLICIT_RETAIN_SELF = YES;
				CLANG_WARN_OBJC_LITERAL_CONVERSION = YES;
				CLANG_WARN_OBJC_ROOT_CLASS = YES_ERROR;
				CLANG_WARN_QUOTED_INCLUDE_IN_FRAMEWORK_HEADER = YES;
				CLANG_WARN_RANGE_LOOP_ANALYSIS = YES;
				CLANG_WARN_STRICT_PROTOTYPES = YES;
				CLANG_WARN_SUSPICIOUS_MOVE = YES;
				CLANG_WARN_UNGUARDED_AVAILABILITY = YES_AGGRESSIVE;
				CLANG_WARN_UNREACHABLE_CODE = YES;
				CLANG_WARN__DUPLICATE_METHOD_MATCH = YES;
				COPY_PHASE_STRIP = NO;
				DEBUG_INFORMATION_FORMAT = dwarf;
				ENABLE_STRICT_OBJC_MSGSEND = YES;
				ENABLE_TESTABILITY = YES;
				GCC_C_LANGUAGE_STANDARD = gnu11;
				GCC_DYNAMIC_NO_PIC = NO;
				GCC_NO_COMMON_BLOCKS = YES;
				GCC_OPTIMIZATION_LEVEL = 0;
				GCC_PREPROCESSOR_DEFINITIONS = (
					"DEBUG=1",
					"$(inherited)",
				);
				GCC_WARN_64_TO_32_BIT_CONVERSION = YES;
				GCC_WARN_ABOUT_RETURN_TYPE = YES_ERROR;
				GCC_WARN_UNDECLARED_SELECTOR = YES;
				GCC_WARN_UNINITIALIZED_AUTOS = YES_AGGRESSIVE;
				GCC_WARN_UNUSED_FUNCTION = YES;
				GCC_WARN_UNUSED_VARIABLE = YES;
				IPHONEOS_DEPLOYMENT_TARGET = 15.2;
				MTL_ENABLE_DEBUG_INFO = INCLUDE_SOURCE;
				MTL_FAST_MATH = YES;
				ONLY_ACTIVE_ARCH = YES;
				SDKROOT = iphoneos;
				SWIFT_ACTIVE_COMPILATION_CONDITIONS = DEBUG;
				SWIFT_OPTIMIZATION_LEVEL = "-Onone";
			};
			name = Debug;
		};
		FD6D3B5E27E0BF8A00C3F6BC /* Release */ = {
			isa = XCBuildConfiguration;
			buildSettings = {
				ALWAYS_SEARCH_USER_PATHS = NO;
				CLANG_ANALYZER_NONNULL = YES;
				CLANG_ANALYZER_NUMBER_OBJECT_CONVERSION = YES_AGGRESSIVE;
				CLANG_CXX_LANGUAGE_STANDARD = "gnu++17";
				CLANG_CXX_LIBRARY = "libc++";
				CLANG_ENABLE_MODULES = YES;
				CLANG_ENABLE_OBJC_ARC = YES;
				CLANG_ENABLE_OBJC_WEAK = YES;
				CLANG_WARN_BLOCK_CAPTURE_AUTORELEASING = YES;
				CLANG_WARN_BOOL_CONVERSION = YES;
				CLANG_WARN_COMMA = YES;
				CLANG_WARN_CONSTANT_CONVERSION = YES;
				CLANG_WARN_DEPRECATED_OBJC_IMPLEMENTATIONS = YES;
				CLANG_WARN_DIRECT_OBJC_ISA_USAGE = YES_ERROR;
				CLANG_WARN_DOCUMENTATION_COMMENTS = YES;
				CLANG_WARN_EMPTY_BODY = YES;
				CLANG_WARN_ENUM_CONVERSION = YES;
				CLANG_WARN_INFINITE_RECURSION = YES;
				CLANG_WARN_INT_CONVERSION = YES;
				CLANG_WARN_NON_LITERAL_NULL_CONVERSION = YES;
				CLANG_WARN_OBJC_IMPLICIT_RETAIN_SELF = YES;
				CLANG_WARN_OBJC_LITERAL_CONVERSION = YES;
				CLANG_WARN_OBJC_ROOT_CLASS = YES_ERROR;
				CLANG_WARN_QUOTED_INCLUDE_IN_FRAMEWORK_HEADER = YES;
				CLANG_WARN_RANGE_LOOP_ANALYSIS = YES;
				CLANG_WARN_STRICT_PROTOTYPES = YES;
				CLANG_WARN_SUSPICIOUS_MOVE = YES;
				CLANG_WARN_UNGUARDED_AVAILABILITY = YES_AGGRESSIVE;
				CLANG_WARN_UNREACHABLE_CODE = YES;
				CLANG_WARN__DUPLICATE_METHOD_MATCH = YES;
				COPY_PHASE_STRIP = NO;
				DEBUG_INFORMATION_FORMAT = "dwarf-with-dsym";
				ENABLE_NS_ASSERTIONS = NO;
				ENABLE_STRICT_OBJC_MSGSEND = YES;
				GCC_C_LANGUAGE_STANDARD = gnu11;
				GCC_NO_COMMON_BLOCKS = YES;
				GCC_WARN_64_TO_32_BIT_CONVERSION = YES;
				GCC_WARN_ABOUT_RETURN_TYPE = YES_ERROR;
				GCC_WARN_UNDECLARED_SELECTOR = YES;
				GCC_WARN_UNINITIALIZED_AUTOS = YES_AGGRESSIVE;
				GCC_WARN_UNUSED_FUNCTION = YES;
				GCC_WARN_UNUSED_VARIABLE = YES;
				IPHONEOS_DEPLOYMENT_TARGET = 15.2;
				MTL_ENABLE_DEBUG_INFO = NO;
				MTL_FAST_MATH = YES;
				SDKROOT = iphoneos;
				SWIFT_COMPILATION_MODE = wholemodule;
				SWIFT_OPTIMIZATION_LEVEL = "-O";
				VALIDATE_PRODUCT = YES;
			};
			name = Release;
		};
		FD6D3B6027E0BF8A00C3F6BC /* Debug */ = {
			isa = XCBuildConfiguration;
			buildSettings = {
				ASSETCATALOG_COMPILER_APPICON_NAME = AppIcon;
				ASSETCATALOG_COMPILER_GLOBAL_ACCENT_COLOR_NAME = AccentColor;
				CODE_SIGN_STYLE = Automatic;
				CURRENT_PROJECT_VERSION = 1;
				GENERATE_INFOPLIST_FILE = YES;
				INFOPLIST_FILE = weatherTableApp/Info.plist;
				INFOPLIST_KEY_UIApplicationSupportsIndirectInputEvents = YES;
				INFOPLIST_KEY_UILaunchStoryboardName = LaunchScreen;
				INFOPLIST_KEY_UIMainStoryboardFile = Main;
				INFOPLIST_KEY_UISupportedInterfaceOrientations_iPad = "UIInterfaceOrientationPortrait UIInterfaceOrientationPortraitUpsideDown UIInterfaceOrientationLandscapeLeft UIInterfaceOrientationLandscapeRight";
				INFOPLIST_KEY_UISupportedInterfaceOrientations_iPhone = "UIInterfaceOrientationPortrait UIInterfaceOrientationLandscapeLeft UIInterfaceOrientationLandscapeRight";
				LD_RUNPATH_SEARCH_PATHS = (
					"$(inherited)",
					"@executable_path/Frameworks",
				);
				MARKETING_VERSION = 1.0;
				PRODUCT_BUNDLE_IDENTIFIER = com.cudex.weatherTableApp;
				PRODUCT_NAME = "$(TARGET_NAME)";
				SWIFT_EMIT_LOC_STRINGS = YES;
				SWIFT_VERSION = 5.0;
				TARGETED_DEVICE_FAMILY = "1,2";
			};
			name = Debug;
		};
		FD6D3B6127E0BF8A00C3F6BC /* Release */ = {
			isa = XCBuildConfiguration;
			buildSettings = {
				ASSETCATALOG_COMPILER_APPICON_NAME = AppIcon;
				ASSETCATALOG_COMPILER_GLOBAL_ACCENT_COLOR_NAME = AccentColor;
				CODE_SIGN_STYLE = Automatic;
				CURRENT_PROJECT_VERSION = 1;
				GENERATE_INFOPLIST_FILE = YES;
				INFOPLIST_FILE = weatherTableApp/Info.plist;
				INFOPLIST_KEY_UIApplicationSupportsIndirectInputEvents = YES;
				INFOPLIST_KEY_UILaunchStoryboardName = LaunchScreen;
				INFOPLIST_KEY_UIMainStoryboardFile = Main;
				INFOPLIST_KEY_UISupportedInterfaceOrientations_iPad = "UIInterfaceOrientationPortrait UIInterfaceOrientationPortraitUpsideDown UIInterfaceOrientationLandscapeLeft UIInterfaceOrientationLandscapeRight";
				INFOPLIST_KEY_UISupportedInterfaceOrientations_iPhone = "UIInterfaceOrientationPortrait UIInterfaceOrientationLandscapeLeft UIInterfaceOrientationLandscapeRight";
				LD_RUNPATH_SEARCH_PATHS = (
					"$(inherited)",
					"@executable_path/Frameworks",
				);
				MARKETING_VERSION = 1.0;
				PRODUCT_BUNDLE_IDENTIFIER = com.cudex.weatherTableApp;
				PRODUCT_NAME = "$(TARGET_NAME)";
				SWIFT_EMIT_LOC_STRINGS = YES;
				SWIFT_VERSION = 5.0;
				TARGETED_DEVICE_FAMILY = "1,2";
			};
			name = Release;
		};
/* End XCBuildConfiguration section */

/* Begin XCConfigurationList section */
		FD6D3B4327E0BF8A00C3F6BC /* Build configuration list for PBXProject "weatherTableApp" */ = {
			isa = XCConfigurationList;
			buildConfigurations = (
				FD6D3B5D27E0BF8A00C3F6BC /* Debug */,
				FD6D3B5E27E0BF8A00C3F6BC /* Release */,
			);
			defaultConfigurationIsVisible = 0;
			defaultConfigurationName = Release;
		};
		FD6D3B5F27E0BF8A00C3F6BC /* Build configuration list for PBXNativeTarget "weatherTableApp" */ = {
			isa = XCConfigurationList;
			buildConfigurations = (
				FD6D3B6027E0BF8A00C3F6BC /* Debug */,
				FD6D3B6127E0BF8A00C3F6BC /* Release */,
			);
			defaultConfigurationIsVisible = 0;
			defaultConfigurationName = Release;
		};
/* End XCConfigurationList section */

/* Begin XCVersionGroup section */
		FD6D3B5427E0BF8A00C3F6BC /* weatherTableApp.xcdatamodeld */ = {
			isa = XCVersionGroup;
			children = (
				FD6D3B5527E0BF8A00C3F6BC /* weatherTableApp.xcdatamodel */,
			);
			currentVersion = FD6D3B5527E0BF8A00C3F6BC /* weatherTableApp.xcdatamodel */;
			path = weatherTableApp.xcdatamodeld;
			sourceTree = "<group>";
			versionGroupType = wrapper.xcdatamodel;
		};
/* End XCVersionGroup section */
	};
	rootObject = FD6D3B4027E0BF8A00C3F6BC /* Project object */;
}
